
Microsoft Visual Studio Solution File, Format Version 12.00
# Visual Studio Version 17
VisualStudioVersion = 17.0.31611.283
MinimumVisualStudioVersion = 10.0.40219.1
Project("{9A19103F-16F7-4668-BE54-9A1E7A4F7556}") = "KTITSLive", "KTITSLive\KTITSLive.csproj", "{78AC614A-CA80-4EC7-9276-6D10B7623924}"
EndProject
Project("{9A19103F-16F7-4668-BE54-9A1E7A4F7556}") = "KTTMobile", "KTTMobile\KTTMobile.csproj", "{7F0ACAF2-3799-4FDF-B2F9-E17056525322}"
EndProject
Project("{9A19103F-16F7-4668-BE54-9A1E7A4F7556}") = "CloudTest", "CloudTest\CloudTest.csproj", "{0497F8E1-9255-4D0E-9DA4-4F4C24CF0D9E}"
EndProject
Project("{9A19103F-16F7-4668-BE54-9A1E7A4F7556}") = "TTParcer", "TTParcer\TTParcer.csproj", "{A5BD0345-1B83-4A49-B56D-72A25758D577}"
EndProject
Global
	GlobalSection(SolutionConfigurationPlatforms) = preSolution
		Debug|Any CPU = Debug|Any CPU
		Release|Any CPU = Release|Any CPU
	EndGlobalSection
	GlobalSection(ProjectConfigurationPlatforms) = postSolution
		{78AC614A-CA80-4EC7-9276-6D10B7623924}.Debug|Any CPU.ActiveCfg = Debug|Any CPU
		{78AC614A-CA80-4EC7-9276-6D10B7623924}.Debug|Any CPU.Build.0 = Debug|Any CPU
		{78AC614A-CA80-4EC7-9276-6D10B7623924}.Release|Any CPU.ActiveCfg = Release|Any CPU
		{78AC614A-CA80-4EC7-9276-6D10B7623924}.Release|Any CPU.Build.0 = Release|Any CPU
		{7F0ACAF2-3799-4FDF-B2F9-E17056525322}.Debug|Any CPU.ActiveCfg = Debug|Any CPU
		{7F0ACAF2-3799-4FDF-B2F9-E17056525322}.Debug|Any CPU.Build.0 = Debug|Any CPU
		{7F0ACAF2-3799-4FDF-B2F9-E17056525322}.Debug|Any CPU.Deploy.0 = Debug|Any CPU
		{7F0ACAF2-3799-4FDF-B2F9-E17056525322}.Release|Any CPU.ActiveCfg = Release|Any CPU
		{7F0ACAF2-3799-4FDF-B2F9-E17056525322}.Release|Any CPU.Build.0 = Release|Any CPU
		{7F0ACAF2-3799-4FDF-B2F9-E17056525322}.Release|Any CPU.Deploy.0 = Release|Any CPU
		{0497F8E1-9255-4D0E-9DA4-4F4C24CF0D9E}.Debug|Any CPU.ActiveCfg = Debug|Any CPU
		{0497F8E1-9255-4D0E-9DA4-4F4C24CF0D9E}.Debug|Any CPU.Build.0 = Debug|Any CPU
		{0497F8E1-9255-4D0E-9DA4-4F4C24CF0D9E}.Release|Any CPU.ActiveCfg = Release|Any CPU
		{0497F8E1-9255-4D0E-9DA4-4F4C24CF0D9E}.Release|Any CPU.Build.0 = Release|Any CPU
		{A5BD0345-1B83-4A49-B56D-72A25758D577}.Debug|Any CPU.ActiveCfg = Debug|Any CPU
		{A5BD0345-1B83-4A49-B56D-72A25758D577}.Debug|Any CPU.Build.0 = Debug|Any CPU
		{A5BD0345-1B83-4A49-B56D-72A25758D577}.Release|Any CPU.ActiveCfg = Release|Any CPU
		{A5BD0345-1B83-4A49-B56D-72A25758D577}.Release|Any CPU.Build.0 = Release|Any CPU
	EndGlobalSection
	GlobalSection(SolutionProperties) = preSolution
		HideSolutionNode = FALSE
	EndGlobalSection
	GlobalSection(ExtensibilityGlobals) = postSolution
		SolutionGuid = {61F7FB11-1E47-470C-91E2-47F8143E1572}
	EndGlobalSection
EndGlobal
